
Microsoft Visual Studio Solution File, Format Version 12.00
# Visual Studio 15
VisualStudioVersion = 15.0.28307.329
MinimumVisualStudioVersion = 10.0.40219.1
Project("{8BC9CEB8-8B4A-11D0-8D11-00A0C91BC942}") = "LivePatchDLL", "LivePatchDLL\LivePatchDLL.vcxproj", "{F2B6E4A7-57F2-4B6C-A5C1-18FE0D3363C5}"
EndProject
Global
	GlobalSection(SolutionConfigurationPlatforms) = preSolution
		Debug|x86 = Debug|x86
		Release|x86 = Release|x86
	EndGlobalSection
	GlobalSection(ProjectConfigurationPlatforms) = postSolution
		{F2B6E4A7-57F2-4B6C-A5C1-18FE0D3363C5}.Debug|x86.ActiveCfg = Debug|Win32
		{F2B6E4A7-57F2-4B6C-A5C1-18FE0D3363C5}.Debug|x86.Build.0 = Debug|Win32
		{F2B6E4A7-57F2-4B6C-A5C1-18FE0D3363C5}.Release|x86.ActiveCfg = Release|Win32
		{F2B6E4A7-57F2-4B6C-A5C1-18FE0D3363C5}.Release|x86.Build.0 = Release|Win32
	EndGlobalSection
	GlobalSection(SolutionProperties) = preSolution
		HideSolutionNode = FALSE
	EndGlobalSection
	GlobalSection(ExtensibilityGlobals) = postSolution
		SolutionGuid = {5A4F51A7-5E14-4225-87AE-4870682865BE}
	EndGlobalSection
EndGlobal
