<?xml version="1.0" encoding="utf-8"?>
<Project ToolsVersion="4.0" xmlns="http://schemas.microsoft.com/developer/msbuild/2003">
  <ItemGroup>
    <Filter Include="Source Files">
      <UniqueIdentifier>{4FC737F1-C7A5-4376-A066-2A32D752A2FF}</UniqueIdentifier>
      <Extensions>cpp;c;cc;cxx;def;odl;idl;hpj;bat;asm;asmx</Extensions>
    </Filter>
    <Filter Include="Header Files">
      <UniqueIdentifier>{93995380-89BD-4b04-88EB-625FBE52EBFB}</UniqueIdentifier>
      <Extensions>h;hh;hpp;hxx;hm;inl;inc;ipp;xsd</Extensions>
    </Filter>
    <Filter Include="Resource Files">
      <UniqueIdentifier>{67DA6AB6-F800-4c08-8B7A-83BB121AAD01}</UniqueIdentifier>
      <Extensions>rc;ico;cur;bmp;dlg;rc2;rct;bin;rgs;gif;jpg;jpeg;jpe;resx;tiff;tif;png;wav;mfcribbon-ms</Extensions>
    </Filter>
    <Filter Include="Source Files\Security">
      <UniqueIdentifier>{56d782e1-4b05-46f8-b812-3bb172bf9ce0}</UniqueIdentifier>
    </Filter>
    <Filter Include="Source Files\Security\ProtectionModules">
      <UniqueIdentifier>{f5bcb808-b875-450c-9f87-660993a3f38d}</UniqueIdentifier>
    </Filter>
    <Filter Include="Source Files\Security\Minhook">
      <UniqueIdentifier>{48d75556-b5c2-4a00-88f4-1fe9914376a5}</UniqueIdentifier>
    </Filter>
    <Filter Include="Source Files\Security\Minhook\src">
      <UniqueIdentifier>{0734be92-f868-4b39-a1ba-1a98116b6491}</UniqueIdentifier>
    </Filter>
    <Filter Include="Header Files\Security">
      <UniqueIdentifier>{c69b4395-c8b8-4b50-b38c-93c3bf828fbb}</UniqueIdentifier>
    </Filter>
    <Filter Include="Header Files\Security\ProtectionModules">
      <UniqueIdentifier>{6ccc7834-2c52-48ec-ba76-1860d0c60474}</UniqueIdentifier>
    </Filter>
    <Filter Include="Source Files\Util">
      <UniqueIdentifier>{ec937277-d7c6-4318-9239-427be0497859}</UniqueIdentifier>
    </Filter>
    <Filter Include="Header Files\Util">
      <UniqueIdentifier>{d097cf4c-b9e1-4a12-bb8b-01367fc18adf}</UniqueIdentifier>
    </Filter>
    <Filter Include="Source Files\Security\ProtectionModules\ClientManager">
      <UniqueIdentifier>{be55021c-2e21-48f4-9bee-b21123e35ad9}</UniqueIdentifier>
    </Filter>
    <Filter Include="Header Files\Security\ProtectionModules\ClientManager">
      <UniqueIdentifier>{65d41ae4-bc9f-437c-8665-3363731c093e}</UniqueIdentifier>
    </Filter>
    <Filter Include="Header Files\Security\ProtectionModules\Base">
      <UniqueIdentifier>{d4590134-be0a-4423-9aa5-148f4f9d4dd8}</UniqueIdentifier>
    </Filter>
    <Filter Include="Source Files\Security\ProtectionModules\Base">
      <UniqueIdentifier>{ac8db47c-d1dc-4131-bb6d-960ba4b4de5e}</UniqueIdentifier>
    </Filter>
    <Filter Include="Header Files\Security\ProtectionModules\NoDump">
      <UniqueIdentifier>{2996812e-9222-48ca-aad0-53795b527f25}</UniqueIdentifier>
    </Filter>
    <Filter Include="Source Files\Security\ProtectionModules\NoDump">
      <UniqueIdentifier>{29d07a04-d65a-448f-abcb-8a0a70501a67}</UniqueIdentifier>
    </Filter>
  </ItemGroup>
  <ItemGroup>
    <ClCompile Include="dllmain.cpp">
      <Filter>Source Files</Filter>
    </ClCompile>
    <ClCompile Include="PatchHelper.cpp">
      <Filter>Source Files</Filter>
    </ClCompile>
    <ClCompile Include="minhook\src\buffer.c">
      <Filter>Source Files\Security\Minhook\src</Filter>
    </ClCompile>
    <ClCompile Include="minhook\src\hook.c">
      <Filter>Source Files\Security\Minhook\src</Filter>
    </ClCompile>
    <ClCompile Include="minhook\src\trampoline.c">
      <Filter>Source Files\Security\Minhook\src</Filter>
    </ClCompile>
    <ClCompile Include="minhook\src\hde\hde32.c">
      <Filter>Source Files\Security\Minhook\src</Filter>
    </ClCompile>
    <ClCompile Include="minhook\src\hde\hde64.c">
      <Filter>Source Files\Security\Minhook\src</Filter>
    </ClCompile>
    <ClCompile Include="WatchDog.cpp">
      <Filter>Source Files</Filter>
    </ClCompile>
    <ClCompile Include="Modules\Base\ModuleBase.cpp">
      <Filter>Source Files\Security\ProtectionModules\Base</Filter>
    </ClCompile>
    <ClCompile Include="Modules\NoDump\NoDump.cpp">
      <Filter>Source Files\Security\ProtectionModules\NoDump</Filter>
    </ClCompile>
    <ClCompile Include="Modules\ClientManager\ClientManager.cpp">
      <Filter>Source Files\Security\ProtectionModules\ClientManager</Filter>
    </ClCompile>
    <ClCompile Include="Modules\ClientManager\ClientManagerBase.cpp">
      <Filter>Source Files\Security\ProtectionModules\ClientManager</Filter>
    </ClCompile>
    <ClCompile Include="format_string.cpp">
      <Filter>Source Files\Util</Filter>
    </ClCompile>
  </ItemGroup>
  <ItemGroup>
    <ClInclude Include="minhook\include\MinHook.h">
      <Filter>Source Files\Security\Minhook</Filter>
    </ClInclude>
    <ClInclude Include="minhook\src\buffer.h">
      <Filter>Source Files\Security\Minhook\src</Filter>
    </ClInclude>
    <ClInclude Include="minhook\src\trampoline.h">
      <Filter>Source Files\Security\Minhook\src</Filter>
    </ClInclude>
    <ClInclude Include="minhook\src\hde\hde32.h">
      <Filter>Source Files\Security\Minhook\src</Filter>
    </ClInclude>
    <ClInclude Include="minhook\src\hde\hde64.h">
      <Filter>Source Files\Security\Minhook\src</Filter>
    </ClInclude>
    <ClInclude Include="minhook\src\hde\pstdint.h">
      <Filter>Source Files\Security\Minhook\src</Filter>
    </ClInclude>
    <ClInclude Include="minhook\src\hde\table32.h">
      <Filter>Source Files\Security\Minhook\src</Filter>
    </ClInclude>
    <ClInclude Include="minhook\src\hde\table64.h">
      <Filter>Source Files\Security\Minhook\src</Filter>
    </ClInclude>
    <ClInclude Include="Modules\Base\ModuleBase.h">
      <Filter>Header Files\Security\ProtectionModules\Base</Filter>
    </ClInclude>
    <ClInclude Include="Modules\NoDump\NoDump.h">
      <Filter>Header Files\Security\ProtectionModules\NoDump</Filter>
    </ClInclude>
    <ClInclude Include="Modules\ClientManager\ClientManager.h">
      <Filter>Header Files\Security\ProtectionModules\ClientManager</Filter>
    </ClInclude>
    <ClInclude Include="Modules\ClientManager\ClientManagerBase.h">
      <Filter>Header Files\Security\ProtectionModules\ClientManager</Filter>
    </ClInclude>
    <ClInclude Include="include\Addresses.h">
      <Filter>Header Files</Filter>
    </ClInclude>
    <ClInclude Include="include\PatchHelper.h">
      <Filter>Header Files</Filter>
    </ClInclude>
    <ClInclude Include="include\WatchDog.h">
      <Filter>Header Files</Filter>
    </ClInclude>
    <ClInclude Include="include\format_string.h">
      <Filter>Header Files\Util</Filter>
    </ClInclude>
  </ItemGroup>
</Project>